
Microsoft Visual Studio Solution File, Format Version 12.00
# Visual Studio Version 17
VisualStudioVersion = 17.1.32319.34
MinimumVisualStudioVersion = 10.0.40219.1
Project("{9A19103F-16F7-4668-BE54-9A1E7A4F7556}") = "SPOUserProfileBulkUpdate", "ConsoleApp\SPOUserProfileBulkUpdate.csproj", "{E235A7F0-713E-4702-BAB1-D6EAE09A750D}"
EndProject
Project("{2150E333-8FDC-42A3-9474-1A3956D46DE8}") = "Solution Items", "Solution Items", "{319A26CB-7D72-4EAF-B098-914FB10BACDA}"
	ProjectSection(SolutionItems) = preProject
		readme.md = readme.md
	EndProjectSection
EndProject
Project("{F5034706-568F-408A-B7B3-4D38C6DB8A32}") = "PS", "PS\PS.pssproj", "{6CAFC0C6-A428-4D30-A9F9-700E829FEA51}"
EndProject
Global
	GlobalSection(SolutionConfigurationPlatforms) = preSolution
		Debug|Any CPU = Debug|Any CPU
		Release|Any CPU = Release|Any CPU
	EndGlobalSection
	GlobalSection(ProjectConfigurationPlatforms) = postSolution
		{E235A7F0-713E-4702-BAB1-D6EAE09A750D}.Debug|Any CPU.ActiveCfg = Debug|Any CPU
		{E235A7F0-713E-4702-BAB1-D6EAE09A750D}.Debug|Any CPU.Build.0 = Debug|Any CPU
		{E235A7F0-713E-4702-BAB1-D6EAE09A750D}.Release|Any CPU.ActiveCfg = Release|Any CPU
		{E235A7F0-713E-4702-BAB1-D6EAE09A750D}.Release|Any CPU.Build.0 = Release|Any CPU
		{6CAFC0C6-A428-4D30-A9F9-700E829FEA51}.Debug|Any CPU.ActiveCfg = Debug|Any CPU
		{6CAFC0C6-A428-4D30-A9F9-700E829FEA51}.Debug|Any CPU.Build.0 = Debug|Any CPU
		{6CAFC0C6-A428-4D30-A9F9-700E829FEA51}.Release|Any CPU.ActiveCfg = Release|Any CPU
		{6CAFC0C6-A428-4D30-A9F9-700E829FEA51}.Release|Any CPU.Build.0 = Release|Any CPU
	EndGlobalSection
	GlobalSection(SolutionProperties) = preSolution
		HideSolutionNode = FALSE
	EndGlobalSection
	GlobalSection(ExtensibilityGlobals) = postSolution
		SolutionGuid = {F9DD5F70-A08C-4632-B47B-E4B13DA0670A}
	EndGlobalSection
EndGlobal
